{
  "version": "5",
  "specifiers": {
    "jsr:@std/assert@1": "1.0.15",
    "jsr:@std/internal@^1.0.12": "1.0.12",
    "npm:@types/node@*": "24.2.0",
    "npm:deno@^2.5.6": "2.5.6"
  },
  "jsr": {
    "@std/assert@1.0.15": {
      "integrity": "d64018e951dbdfab9777335ecdb000c0b4e3df036984083be219ce5941e4703b",
      "dependencies": [
        "jsr:@std/internal"
      ]
    },
    "@std/internal@1.0.12": {
      "integrity": "972a634fd5bc34b242024402972cd5143eac68d8dffaca5eaa4dba30ce17b027"
    }
  },
  "npm": {
    "@deno/darwin-arm64@2.5.6": {
      "integrity": "sha512-aQoAQSQdA8PVhS9ibx/vl1xtP0ngiZCD2tW/PqUd13fmwM12m3O2V8/oyMTzqXZtT/PnoiOtcqtujbF/yRUyVg==",
      "os": ["darwin"],
      "cpu": ["arm64"]
    },
    "@deno/darwin-x64@2.5.6": {
      "integrity": "sha512-9GrCi8ga5mgYB1b/8Pj9vRF4VVNLTuzyVd6bL0vEKFBZ/w27cQj0oY2o60t8AUTpW8iXpJfXMDoY7j4yiK1Xug==",
      "os": ["darwin"],
      "cpu": ["x64"]
    },
    "@deno/linux-arm64-glibc@2.5.6": {
      "integrity": "sha512-HiAHeFBmNRsJFulNMQ2LX3k+IvAIhGAo9JcW/0PwrNa3WbMql9wq37pOPp8DkW2VUTvghh3FZm6GUcryUml4bQ==",
      "os": ["linux"],
      "cpu": ["arm64"]
    },
    "@deno/linux-x64-glibc@2.5.6": {
      "integrity": "sha512-aYct9Vp1RgKR2yW9hyWGTIL0EN0MgqaBuD0fbnQHygd4ftSfd/aWcBB3+n7OTUX/YNWSxYkOMLV1N8RWUCj4jw==",
      "os": ["linux"],
      "cpu": ["x64"]
    },
    "@deno/win32-arm64@2.5.6": {
      "integrity": "sha512-HZq7gShjAehx1d2qg2cHRJJbxpbBk8kVmoPiZpILnN66XRwbNlWtrAUwsXNyHuBHcaT+7LgPTRUzX3KuDYXbwg==",
      "os": ["win32"],
      "cpu": ["arm64"]
    },
    "@deno/win32-x64@2.5.6": {
      "integrity": "sha512-GRBl8+CQbNeTp9CrxbCuAuqxi592NZfac1AvDgFEPt8O9aZe/2k+y7AQwESJGxEvyJl1vw6UV24qdf9N7pCM9Q==",
      "os": ["win32"],
      "cpu": ["x64"]
    },
    "@types/node@24.2.0": {
      "integrity": "sha512-3xyG3pMCq3oYCNg7/ZP+E1ooTaGB4cG8JWRsqqOYQdbWNY4zbaV0Ennrd7stjiJEFZCaybcIgpTjJWHRfBSIDw==",
      "dependencies": [
        "undici-types"
      ]
    },
    "deno@2.5.6": {
      "integrity": "sha512-SSe2gCf41A/uln54H7xdKZFtiDt+reBxYM4IaJLRH/NpEIE5T3VOcLSLHPaJzyiTvZe2xMz1QFcpg4cco5rNsA==",
      "optionalDependencies": [
        "@deno/darwin-arm64",
        "@deno/darwin-x64",
        "@deno/linux-arm64-glibc",
        "@deno/linux-x64-glibc",
        "@deno/win32-arm64",
        "@deno/win32-x64"
      ],
      "scripts": true,
      "bin": true
    },
    "undici-types@7.10.0": {
      "integrity": "sha512-t5Fy/nfn+14LuOc2KNYg75vZqClpAiqscVvMygNnlsHBFpSXdJaYtXMcdNLpl/Qvc3P2cB3s6lOV51nqsFq4ag=="
    }
  },
  "workspace": {
    "dependencies": [
      "jsr:@std/assert@1",
      "npm:deno@^2.5.6"
    ]
  }
}
